# THIS IS AN AUTOGENERATED FILE. DO NOT EDIT THIS FILE DIRECTLY.
# yarn lockfile v1


"@polymer/app-layout@^3.0.0-pre.1":
  version "3.0.0-pre.1"
  resolved "https://registry.yarnpkg.com/@polymer/app-layout/-/app-layout-3.0.0-pre.1.tgz#612df4d04fd76d36350547aba65920a4a9050f85"
  dependencies:
    "@polymer/iron-flex-layout" "^3.0.0-pre.1"
    "@polymer/iron-media-query" "^3.0.0-pre.1"
    "@polymer/iron-resizable-behavior" "^3.0.0-pre.1"
    "@polymer/iron-scroll-target-behavior" "^3.0.0-pre.1"
    "@polymer/polymer" "^3.0.0-pre.1"

"@polymer/font-roboto@^3.0.0-pre.1":
  version "3.0.0-pre.1"
  resolved "https://registry.yarnpkg.com/@polymer/font-roboto/-/font-roboto-3.0.0-pre.1.tgz#3b989a3b7c7d7351d4d816f8136d708512b0bd10"

"@polymer/iron-a11y-announcer@^3.0.0-pre.1":
  version "3.0.0-pre.1"
  resolved "https://registry.yarnpkg.com/@polymer/iron-a11y-announcer/-/iron-a11y-announcer-3.0.0-pre.1.tgz#ee08cd850d2880bb19533523a57318b609761aa7"
  dependencies:
    "@polymer/polymer" "^3.0.0-pre.1"

"@polymer/iron-a11y-keys-behavior@^3.0.0-pre.1":
  version "3.0.0-pre.1"
  resolved "https://registry.yarnpkg.com/@polymer/iron-a11y-keys-behavior/-/iron-a11y-keys-behavior-3.0.0-pre.1.tgz#0b2954d7f6b04d97c9ae69c7f7cb82b9d4efe3e4"
  dependencies:
    "@polymer/polymer" "^3.0.0-pre.1"

"@polymer/iron-autogrow-textarea@^3.0.0-pre.1":
  version "3.0.0-pre.1"
  resolved "https://registry.yarnpkg.com/@polymer/iron-autogrow-textarea/-/iron-autogrow-textarea-3.0.0-pre.1.tgz#d9cf2f40d759acc27e9b70338bb55b35f07c27d3"
  dependencies:
    "@polymer/iron-behaviors" "^3.0.0-pre.1"
    "@polymer/iron-flex-layout" "^3.0.0-pre.1"
    "@polymer/iron-validatable-behavior" "^3.0.0-pre.1"
    "@polymer/polymer" "^3.0.0-pre.1"

"@polymer/iron-behaviors@^3.0.0-pre.1":
  version "3.0.0-pre.1"
  resolved "https://registry.yarnpkg.com/@polymer/iron-behaviors/-/iron-behaviors-3.0.0-pre.1.tgz#bbb1d7555bf93e5d221d18cbf82d6994b39585b7"
  dependencies:
    "@polymer/iron-a11y-keys-behavior" "^3.0.0-pre.1"
    "@polymer/polymer" "^3.0.0-pre.1"

"@polymer/iron-checked-element-behavior@^3.0.0-pre.1":
  version "3.0.0-pre.1"
  resolved "https://registry.yarnpkg.com/@polymer/iron-checked-element-behavior/-/iron-checked-element-behavior-3.0.0-pre.1.tgz#329089923fdc05a974ca7d78048c65cd7249150d"
  dependencies:
    "@polymer/iron-form-element-behavior" "^3.0.0-pre.1"
    "@polymer/iron-validatable-behavior" "^3.0.0-pre.1"
    "@polymer/polymer" "^3.0.0-pre.1"

"@polymer/iron-dropdown@^3.0.0-pre.1":
  version "3.0.0-pre.1"
  resolved "https://registry.yarnpkg.com/@polymer/iron-dropdown/-/iron-dropdown-3.0.0-pre.1.tgz#48fcaa61415ca527f957b3b1c0fb5b4027ca1596"
  dependencies:
    "@polymer/iron-behaviors" "^3.0.0-pre.1"
    "@polymer/iron-overlay-behavior" "^3.0.0-pre.1"
    "@polymer/neon-animation" "^3.0.0-pre.1"
    "@polymer/polymer" "^3.0.0-pre.1"

"@polymer/iron-fit-behavior@^3.0.0-pre.1":
  version "3.0.0-pre.1"
  resolved "https://registry.yarnpkg.com/@polymer/iron-fit-behavior/-/iron-fit-behavior-3.0.0-pre.1.tgz#4a20576cd26d1c461840bd1efcdd3949c5375f85"
  dependencies:
    "@polymer/polymer" "^3.0.0-pre.1"

"@polymer/iron-flex-layout@^3.0.0-pre.1":
  version "3.0.0-pre.1"
  resolved "https://registry.yarnpkg.com/@polymer/iron-flex-layout/-/iron-flex-layout-3.0.0-pre.1.tgz#46738316b52fe2858bf4fb207176366b1657457f"
  dependencies:
    "@polymer/polymer" "^3.0.0-pre.1"

"@polymer/iron-form-element-behavior@^3.0.0-pre.1":
  version "3.0.0-pre.1"
  resolved "https://registry.yarnpkg.com/@polymer/iron-form-element-behavior/-/iron-form-element-behavior-3.0.0-pre.1.tgz#a8bd62f2b6726353a821527683609081213441e7"
  dependencies:
    "@polymer/polymer" "^3.0.0-pre.1"

"@polymer/iron-icon@^3.0.0-pre.1":
  version "3.0.0-pre.1"
  resolved "https://registry.yarnpkg.com/@polymer/iron-icon/-/iron-icon-3.0.0-pre.1.tgz#b324f92120b1aaab43b4919c90cd2a64784a5b16"
  dependencies:
    "@polymer/iron-flex-layout" "^3.0.0-pre.1"
    "@polymer/iron-meta" "^3.0.0-pre.1"
    "@polymer/polymer" "^3.0.0-pre.1"

"@polymer/iron-icons@^3.0.0-pre.1":
  version "3.0.0-pre.1"
  resolved "https://registry.yarnpkg.com/@polymer/iron-icons/-/iron-icons-3.0.0-pre.1.tgz#3e4b3fd9d1264465225fb89ff2daf171a1e3c37d"
  dependencies:
    "@polymer/iron-icon" "^3.0.0-pre.1"
    "@polymer/iron-iconset-svg" "^3.0.0-pre.1"
    "@polymer/polymer" "^3.0.0-pre.1"

"@polymer/iron-iconset-svg@^3.0.0-pre.1":
  version "3.0.0-pre.1"
  resolved "https://registry.yarnpkg.com/@polymer/iron-iconset-svg/-/iron-iconset-svg-3.0.0-pre.1.tgz#06a03d5796c4280e1fda0edc334de9de1a808f7d"
  dependencies:
    "@polymer/iron-meta" "^3.0.0-pre.1"
    "@polymer/polymer" "^3.0.0-pre.1"

"@polymer/iron-input@^3.0.0-pre.1":
  version "3.0.0-pre.1"
  resolved "https://registry.yarnpkg.com/@polymer/iron-input/-/iron-input-3.0.0-pre.1.tgz#b8e0563353ce101fadb619ed55af84882d19f73d"
  dependencies:
    "@polymer/iron-a11y-announcer" "^3.0.0-pre.1"
    "@polymer/iron-validatable-behavior" "^3.0.0-pre.1"
    "@polymer/polymer" "^3.0.0-pre.1"

"@polymer/iron-media-query@^3.0.0-pre.1":
  version "3.0.0-pre.1"
  resolved "https://registry.yarnpkg.com/@polymer/iron-media-query/-/iron-media-query-3.0.0-pre.1.tgz#5738c8d741574bd71eb740d2f9f073062d4a8510"
  dependencies:
    "@polymer/polymer" "^3.0.0-pre.1"

"@polymer/iron-menu-behavior@^3.0.0-pre.1":
  version "3.0.0-pre.1"
  resolved "https://registry.yarnpkg.com/@polymer/iron-menu-behavior/-/iron-menu-behavior-3.0.0-pre.1.tgz#68d8974edfe831efab4b1e143a331e918798dc75"
  dependencies:
    "@polymer/iron-a11y-keys-behavior" "^3.0.0-pre.1"
    "@polymer/iron-flex-layout" "^3.0.0-pre.1"
    "@polymer/iron-selector" "^3.0.0-pre.1"
    "@polymer/polymer" "^3.0.0-pre.1"

"@polymer/iron-meta@^0.0.3", "@polymer/iron-meta@^3.0.0-pre.1", "@polymer/iron-meta@preview":
  version "3.0.0-pre.1"
  resolved "https://registry.yarnpkg.com/@polymer/iron-meta/-/iron-meta-3.0.0-pre.1.tgz#809f5717a8eb80062fee6039ccd5fafe4875ca85"
  dependencies:
    "@polymer/polymer" "^3.0.0-pre.1"

"@polymer/iron-overlay-behavior@^3.0.0-pre.1":
  version "3.0.0-pre.1"
  resolved "https://registry.yarnpkg.com/@polymer/iron-overlay-behavior/-/iron-overlay-behavior-3.0.0-pre.1.tgz#33c85769ee3b24340b57d2bd2e345248642b5090"
  dependencies:
    "@polymer/iron-a11y-keys-behavior" "^3.0.0-pre.1"
    "@polymer/iron-fit-behavior" "^3.0.0-pre.1"
    "@polymer/iron-resizable-behavior" "^3.0.0-pre.1"
    "@polymer/polymer" "^3.0.0-pre.1"

"@polymer/iron-resizable-behavior@^0.0.3", "@polymer/iron-resizable-behavior@^3.0.0-pre.1", "@polymer/iron-resizable-behavior@preview":
  version "3.0.0-pre.1"
  resolved "https://registry.yarnpkg.com/@polymer/iron-resizable-behavior/-/iron-resizable-behavior-3.0.0-pre.1.tgz#1a6c0276329fdb41818c5e1356f9a8089cf3fbdb"
  dependencies:
    "@polymer/polymer" "^3.0.0-pre.1"

"@polymer/iron-scroll-target-behavior@^3.0.0-pre.1":
  version "3.0.0-pre.1"
  resolved "https://registry.yarnpkg.com/@polymer/iron-scroll-target-behavior/-/iron-scroll-target-behavior-3.0.0-pre.1.tgz#39f5754efdf7083fb82c295a3c94a30e57fbbacf"
  dependencies:
    "@polymer/polymer" "^3.0.0-pre.1"

"@polymer/iron-selector@^0.0.3", "@polymer/iron-selector@^3.0.0-pre.1", "@polymer/iron-selector@preview":
  version "3.0.0-pre.1"
  resolved "https://registry.yarnpkg.com/@polymer/iron-selector/-/iron-selector-3.0.0-pre.1.tgz#e495c3f5ba5498ccfeccb94dded536d10807fb7c"
  dependencies:
    "@polymer/polymer" "^3.0.0-pre.1"

"@polymer/iron-validatable-behavior@^3.0.0-pre.1":
  version "3.0.0-pre.1"
  resolved "https://registry.yarnpkg.com/@polymer/iron-validatable-behavior/-/iron-validatable-behavior-3.0.0-pre.1.tgz#2d1f05e69738e003a761769036d1aece32a7a266"
  dependencies:
    "@polymer/iron-meta" "^3.0.0-pre.1"
    "@polymer/polymer" "^3.0.0-pre.1"

"@polymer/neon-animation@^0.0.3", "@polymer/neon-animation@^3.0.0-pre.1":
  version "0.0.3"
  resolved "https://registry.yarnpkg.com/@polymer/neon-animation/-/neon-animation-0.0.3.tgz#93e9eebcdf023c7b42d9a7d7f41fb1934b500b22"
  dependencies:
    "@polymer/iron-meta" "^0.0.3"
    "@polymer/iron-resizable-behavior" "^0.0.3"
    "@polymer/iron-selector" "^0.0.3"
    "@polymer/polymer" "^1.2.5-npm-test.2"
    web-animations-js "2.1.3"

"@polymer/paper-behaviors@^3.0.0-pre.1":
  version "3.0.0-pre.1"
  resolved "https://registry.yarnpkg.com/@polymer/paper-behaviors/-/paper-behaviors-3.0.0-pre.1.tgz#805506d7799fa45566d9ce6a18c5943a8203764b"
  dependencies:
    "@polymer/iron-behaviors" "^3.0.0-pre.1"
    "@polymer/iron-checked-element-behavior" "^3.0.0-pre.1"
    "@polymer/paper-ripple" "^3.0.0-pre.1"
    "@polymer/polymer" "^3.0.0-pre.1"

"@polymer/paper-dropdown-menu@^3.0.0-pre.1":
  version "3.0.0-pre.1"
  resolved "https://registry.yarnpkg.com/@polymer/paper-dropdown-menu/-/paper-dropdown-menu-3.0.0-pre.1.tgz#51b2f7837aadf242b4a940988eb7eb10a10f8bd1"
  dependencies:
    "@polymer/iron-a11y-keys-behavior" "^3.0.0-pre.1"
    "@polymer/iron-form-element-behavior" "^3.0.0-pre.1"
    "@polymer/iron-icon" "^3.0.0-pre.1"
    "@polymer/iron-iconset-svg" "^3.0.0-pre.1"
    "@polymer/iron-validatable-behavior" "^3.0.0-pre.1"
    "@polymer/paper-behaviors" "^3.0.0-pre.1"
    "@polymer/paper-input" "^3.0.0-pre.1"
    "@polymer/paper-menu-button" "^3.0.0-pre.1"
    "@polymer/paper-ripple" "^3.0.0-pre.1"
    "@polymer/paper-styles" "^3.0.0-pre.1"
    "@polymer/polymer" "^3.0.0-pre.1"

"@polymer/paper-icon-button@^3.0.0-pre.1":
  version "3.0.0-pre.1"
  resolved "https://registry.yarnpkg.com/@polymer/paper-icon-button/-/paper-icon-button-3.0.0-pre.1.tgz#f0617d177c9478a676eab808cc882978f1031366"
  dependencies:
    "@polymer/iron-icon" "^3.0.0-pre.1"
    "@polymer/paper-behaviors" "^3.0.0-pre.1"
    "@polymer/paper-styles" "^3.0.0-pre.1"
    "@polymer/polymer" "^3.0.0-pre.1"

"@polymer/paper-input@^3.0.0-pre.1":
  version "3.0.0-pre.1"
  resolved "https://registry.yarnpkg.com/@polymer/paper-input/-/paper-input-3.0.0-pre.1.tgz#d93ca8f5b70b821be5b19341b60092df7ca16fa8"
  dependencies:
    "@polymer/iron-a11y-keys-behavior" "^3.0.0-pre.1"
    "@polymer/iron-autogrow-textarea" "^3.0.0-pre.1"
    "@polymer/iron-behaviors" "^3.0.0-pre.1"
    "@polymer/iron-form-element-behavior" "^3.0.0-pre.1"
    "@polymer/iron-input" "^3.0.0-pre.1"
    "@polymer/paper-styles" "^3.0.0-pre.1"
    "@polymer/polymer" "^3.0.0-pre.1"

"@polymer/paper-item@^3.0.0-pre.1":
  version "3.0.0-pre.1"
  resolved "https://registry.yarnpkg.com/@polymer/paper-item/-/paper-item-3.0.0-pre.1.tgz#f90a87424c2bc554995272b59386cc20a9f5d190"
  dependencies:
    "@polymer/iron-behaviors" "^3.0.0-pre.1"
    "@polymer/iron-flex-layout" "^3.0.0-pre.1"
    "@polymer/paper-styles" "^3.0.0-pre.1"
    "@polymer/polymer" "^3.0.0-pre.1"

"@polymer/paper-listbox@^3.0.0-pre.1":
  version "3.0.0-pre.1"
  resolved "https://registry.yarnpkg.com/@polymer/paper-listbox/-/paper-listbox-3.0.0-pre.1.tgz#4869b64a31487d78efaa734a80eb68002e957cf9"
  dependencies:
    "@polymer/iron-behaviors" "^3.0.0-pre.1"
    "@polymer/iron-menu-behavior" "^3.0.0-pre.1"
    "@polymer/paper-styles" "^3.0.0-pre.1"
    "@polymer/polymer" "^3.0.0-pre.1"

"@polymer/paper-menu-button@^3.0.0-pre.1":
  version "3.0.0-pre.1"
  resolved "https://registry.yarnpkg.com/@polymer/paper-menu-button/-/paper-menu-button-3.0.0-pre.1.tgz#430d24aaba051c1204dd0e121637e8bc5d788728"
  dependencies:
    "@polymer/iron-a11y-keys-behavior" "^3.0.0-pre.1"
    "@polymer/iron-behaviors" "^3.0.0-pre.1"
    "@polymer/iron-dropdown" "^3.0.0-pre.1"
    "@polymer/iron-fit-behavior" "^3.0.0-pre.1"
    "@polymer/neon-animation" "^3.0.0-pre.1"
    "@polymer/paper-styles" "^3.0.0-pre.1"
    "@polymer/polymer" "^3.0.0-pre.1"

"@polymer/paper-ripple@^3.0.0-pre.1":
  version "3.0.0-pre.1"
  resolved "https://registry.yarnpkg.com/@polymer/paper-ripple/-/paper-ripple-3.0.0-pre.1.tgz#67e692ea2c6d91d4f5f5bdf998dbd8a52acd9efa"
  dependencies:
    "@polymer/iron-a11y-keys-behavior" "^3.0.0-pre.1"
    "@polymer/polymer" "^3.0.0-pre.1"

"@polymer/paper-styles@^3.0.0-pre.1":
  version "3.0.0-pre.1"
  resolved "https://registry.yarnpkg.com/@polymer/paper-styles/-/paper-styles-3.0.0-pre.1.tgz#333fd04f5052733ebc10e3a08a59f07b5586af13"
  dependencies:
    "@polymer/font-roboto" "^3.0.0-pre.1"
    "@polymer/iron-flex-layout" "^3.0.0-pre.1"
    "@polymer/polymer" "^3.0.0-pre.1"

"@polymer/paper-tabs@^3.0.0-pre.1":
  version "3.0.0-pre.1"
  resolved "https://registry.yarnpkg.com/@polymer/paper-tabs/-/paper-tabs-3.0.0-pre.1.tgz#c309354b0b45ff241d7fcad88b7c3d857eae8d9d"
  dependencies:
    "@polymer/iron-behaviors" "^3.0.0-pre.1"
    "@polymer/iron-flex-layout" "^3.0.0-pre.1"
    "@polymer/iron-icon" "^3.0.0-pre.1"
    "@polymer/iron-iconset-svg" "^3.0.0-pre.1"
    "@polymer/iron-menu-behavior" "^3.0.0-pre.1"
    "@polymer/iron-resizable-behavior" "^3.0.0-pre.1"
    "@polymer/paper-behaviors" "^3.0.0-pre.1"
    "@polymer/paper-icon-button" "^3.0.0-pre.1"
    "@polymer/paper-styles" "^3.0.0-pre.1"
    "@polymer/polymer" "^3.0.0-pre.1"

"@polymer/polymer@^1.2.5-npm-test.2", "@polymer/polymer@^3.0.0-pre.1", "@polymer/polymer@preview":
  version "3.0.0-pre.1"
  resolved "https://registry.yarnpkg.com/@polymer/polymer/-/polymer-3.0.0-pre.1.tgz#9fc26b5259aad9265f324ced02de715991d2eabe"
  dependencies:
    "@webcomponents/shadycss" "^1.0.0"
    "@webcomponents/webcomponentsjs" "^1.0.0"

"@webcomponents/shadycss@^1.0.0":
  version "1.1.0"
  resolved "https://registry.yarnpkg.com/@webcomponents/shadycss/-/shadycss-1.1.0.tgz#3a31b062d6f0837b2a34bec1edea8b6fb046b2eb"

"@webcomponents/webcomponentsjs@^1.0.0", "@webcomponents/webcomponentsjs@^1.0.17":
  version "1.0.19"
  resolved "https://registry.yarnpkg.com/@webcomponents/webcomponentsjs/-/webcomponentsjs-1.0.19.tgz#13849257b86a04dcf434fb145398d2cd081dee79"

web-animations-js@2.1.3, web-animations-js@^2.2.0:
  version "2.3.1"
  resolved "https://registry.yarnpkg.com/web-animations-js/-/web-animations-js-2.3.1.tgz#3a6d9bc15196377a90f8e2803fa5262165b04510"

webcomponents.js@^0.7.20:
  version "0.7.24"
  resolved "https://registry.yarnpkg.com/webcomponents.js/-/webcomponents.js-0.7.24.tgz#2116fbfa1468ec416a7befdaa333e1d118f69c04"
